
Microsoft Visual Studio Solution File, Format Version 12.00
# Visual Studio 15
VisualStudioVersion = 15.0.28307.421
MinimumVisualStudioVersion = 10.0.40219.1
Project("{FAE04EC0-301F-11D3-BF4B-00C04F79EFBC}") = "MobileInfo", "MobileInfo\MobileInfo.csproj", "{FF2F9311-7368-4D2C-9AEB-333153159F4F}"
EndProject
Global
	GlobalSection(SolutionConfigurationPlatforms) = preSolution
		Debug|Any CPU = Debug|Any CPU
		Release|Any CPU = Release|Any CPU
	EndGlobalSection
	GlobalSection(ProjectConfigurationPlatforms) = postSolution
		{FF2F9311-7368-4D2C-9AEB-333153159F4F}.Debug|Any CPU.ActiveCfg = Debug|Any CPU
		{FF2F9311-7368-4D2C-9AEB-333153159F4F}.Debug|Any CPU.Build.0 = Debug|Any CPU
		{FF2F9311-7368-4D2C-9AEB-333153159F4F}.Release|Any CPU.ActiveCfg = Release|Any CPU
		{FF2F9311-7368-4D2C-9AEB-333153159F4F}.Release|Any CPU.Build.0 = Release|Any CPU
	EndGlobalSection
	GlobalSection(SolutionProperties) = preSolution
		HideSolutionNode = FALSE
	EndGlobalSection
	GlobalSection(ExtensibilityGlobals) = postSolution
		SolutionGuid = {F9860AD6-7B68-4BC8-8DE1-6047C29725FD}
	EndGlobalSection
EndGlobal
